
Microsoft Visual Studio Solution File, Format Version 12.00
# Visual Studio 15
VisualStudioVersion = 15.0.26730.8
MinimumVisualStudioVersion = 10.0.40219.1
Project("{FAE04EC0-301F-11D3-BF4B-00C04F79EFBC}") = "ArgenSearch", "ArgenSearch\ArgenSearch.csproj", "{6581DDFC-D041-41BA-B079-3A2846EE7D74}"
EndProject
Project("{FAE04EC0-301F-11D3-BF4B-00C04F79EFBC}") = "ArgenSearchTests", "..\ArgenSearchTests\ArgenSearchTests.csproj", "{11BE458F-F152-45F9-8D50-F2F65739BD4C}"
EndProject
Global
	GlobalSection(SolutionConfigurationPlatforms) = preSolution
		Debug|Any CPU = Debug|Any CPU
		Release|Any CPU = Release|Any CPU
	EndGlobalSection
	GlobalSection(ProjectConfigurationPlatforms) = postSolution
		{6581DDFC-D041-41BA-B079-3A2846EE7D74}.Debug|Any CPU.ActiveCfg = Debug|Any CPU
		{6581DDFC-D041-41BA-B079-3A2846EE7D74}.Debug|Any CPU.Build.0 = Debug|Any CPU
		{6581DDFC-D041-41BA-B079-3A2846EE7D74}.Release|Any CPU.ActiveCfg = Release|Any CPU
		{6581DDFC-D041-41BA-B079-3A2846EE7D74}.Release|Any CPU.Build.0 = Release|Any CPU
		{11BE458F-F152-45F9-8D50-F2F65739BD4C}.Debug|Any CPU.ActiveCfg = Debug|Any CPU
		{11BE458F-F152-45F9-8D50-F2F65739BD4C}.Debug|Any CPU.Build.0 = Debug|Any CPU
		{11BE458F-F152-45F9-8D50-F2F65739BD4C}.Release|Any CPU.ActiveCfg = Release|Any CPU
		{11BE458F-F152-45F9-8D50-F2F65739BD4C}.Release|Any CPU.Build.0 = Release|Any CPU
	EndGlobalSection
	GlobalSection(SolutionProperties) = preSolution
		HideSolutionNode = FALSE
	EndGlobalSection
	GlobalSection(ExtensibilityGlobals) = postSolution
		SolutionGuid = {BDD7B631-8F3B-43C3-A6FF-EEB585187665}
	EndGlobalSection
EndGlobal
